
Microsoft Visual Studio Solution File, Format Version 11.00
# Visual Studio 2010
Project("{FAE04EC0-301F-11D3-BF4B-00C04F79EFBC}") = "Solution3", "Solution3\Solution3.csproj", "{033C8CEA-BC8A-46FD-8677-A86134CC0E0D}"
EndProject
Global
	GlobalSection(SolutionConfigurationPlatforms) = preSolution
		Debug|x86 = Debug|x86
		Release|x86 = Release|x86
	EndGlobalSection
	GlobalSection(ProjectConfigurationPlatforms) = postSolution
		{033C8CEA-BC8A-46FD-8677-A86134CC0E0D}.Debug|x86.ActiveCfg = Debug|x86
		{033C8CEA-BC8A-46FD-8677-A86134CC0E0D}.Debug|x86.Build.0 = Debug|x86
		{033C8CEA-BC8A-46FD-8677-A86134CC0E0D}.Release|x86.ActiveCfg = Release|x86
		{033C8CEA-BC8A-46FD-8677-A86134CC0E0D}.Release|x86.Build.0 = Release|x86
	EndGlobalSection
	GlobalSection(MonoDevelopProperties) = preSolution
		StartupItem = Solution3\Solution3.csproj
	EndGlobalSection
EndGlobal
